// !$*UTF8*$!
{
	archiveVersion = 1;
	classes = {
	};
	objectVersion = 50;
	objects = {

/* Begin PBXBuildFile section */
		0325F2D127639C3900624EA6 /* AITests.swift in Sources */ = {isa = PBXBuildFile; fileRef = 0325F2D027639C3900624EA6 /* AITests.swift */; };
		0345CAF52760B5F90045944F /* GridView.swift in Sources */ = {isa = PBXBuildFile; fileRef = 0345CAF42760B5F90045944F /* GridView.swift */; };
		0345CAFA2760B84A0045944F /* InRoundedRectangle.swift in Sources */ = {isa = PBXBuildFile; fileRef = 0345CAF92760B84A0045944F /* InRoundedRectangle.swift */; };
		0345CAFF2760B8710045944F /* Font+appFont.swift in Sources */ = {isa = PBXBuildFile; fileRef = 0345CAFE2760B8710045944F /* Font+appFont.swift */; };
		0345CB0E2760CAE00045944F /* GridBox.swift in Sources */ = {isa = PBXBuildFile; fileRef = 0345CB0D2760CAE00045944F /* GridBox.swift */; };
		0345CB132760CB090045944F /* GridLine.swift in Sources */ = {isa = PBXBuildFile; fileRef = 0345CB122760CB090045944F /* GridLine.swift */; };
		0345CB182760FCDF0045944F /* VictoriousLineView.swift in Sources */ = {isa = PBXBuildFile; fileRef = 0345CB172760FCDE0045944F /* VictoriousLineView.swift */; };
		0345CB1D2760FD010045944F /* Float+cgFloat.swift in Sources */ = {isa = PBXBuildFile; fileRef = 0345CB1C2760FD010045944F /* Float+cgFloat.swift */; };
		03734B2027639361001FDE21 /* GridLine+victoriousLineMultipliers.swift in Sources */ = {isa = PBXBuildFile; fileRef = 03734B1F27639361001FDE21 /* GridLine+victoriousLineMultipliers.swift */; };
		03734B25276393A0001FDE21 /* Player+displayedProperties.swift in Sources */ = {isa = PBXBuildFile; fileRef = 03734B24276393A0001FDE21 /* Player+displayedProperties.swift */; };
		03DAC855276892320092534C /* TitleView.swift in Sources */ = {isa = PBXBuildFile; fileRef = 03DAC854276892320092534C /* TitleView.swift */; };
		03DAC85A276892480092534C /* MessageView.swift in Sources */ = {isa = PBXBuildFile; fileRef = 03DAC859276892480092534C /* MessageView.swift */; };
		03DAC85F2768925C0092534C /* ResetView.swift in Sources */ = {isa = PBXBuildFile; fileRef = 03DAC85E2768925C0092534C /* ResetView.swift */; };
		03DAC8812768CF0A0092534C /* Localizable.strings in Resources */ = {isa = PBXBuildFile; fileRef = 03DAC8832768CF0A0092534C /* Localizable.strings */; };
		03DAC88D2768CF850092534C /* String+Localizable.swift in Sources */ = {isa = PBXBuildFile; fileRef = 03DAC88C2768CF850092534C /* String+Localizable.swift */; };
		03E46CB0275F4B4E008C00FF /* AppDelegate.swift in Sources */ = {isa = PBXBuildFile; fileRef = 03E46CAF275F4B4E008C00FF /* AppDelegate.swift */; };
		03E46CB2275F4B4E008C00FF /* SceneDelegate.swift in Sources */ = {isa = PBXBuildFile; fileRef = 03E46CB1275F4B4E008C00FF /* SceneDelegate.swift */; };
		03E46CB4275F4B4E008C00FF /* ContentView.swift in Sources */ = {isa = PBXBuildFile; fileRef = 03E46CB3275F4B4E008C00FF /* ContentView.swift */; };
		03E46CB6275F4B54008C00FF /* Assets.xcassets in Resources */ = {isa = PBXBuildFile; fileRef = 03E46CB5275F4B54008C00FF /* Assets.xcassets */; };
		03E46CB9275F4B54008C00FF /* Preview Assets.xcassets in Resources */ = {isa = PBXBuildFile; fileRef = 03E46CB8275F4B54008C00FF /* Preview Assets.xcassets */; };
		03E46CBC275F4B54008C00FF /* LaunchScreen.storyboard in Resources */ = {isa = PBXBuildFile; fileRef = 03E46CBA275F4B54008C00FF /* LaunchScreen.storyboard */; };
		03E46CC7275F4B55008C00FF /* GridTests.swift in Sources */ = {isa = PBXBuildFile; fileRef = 03E46CC6275F4B55008C00FF /* GridTests.swift */; };
		03E46CD2275F4B55008C00FF /* Tic_Tac_Toe_vs_BenUITests.swift in Sources */ = {isa = PBXBuildFile; fileRef = 03E46CD1275F4B55008C00FF /* Tic_Tac_Toe_vs_BenUITests.swift */; };
		03E46CF7275F4BCD008C00FF /* GridModel.swift in Sources */ = {isa = PBXBuildFile; fileRef = 03E46CF6275F4BCD008C00FF /* GridModel.swift */; };
		03E46CFC275F4C73008C00FF /* UserDefault.swift in Sources */ = {isa = PBXBuildFile; fileRef = 03E46CFB275F4C73008C00FF /* UserDefault.swift */; };
		03E46D01275F56EA008C00FF /* GridViewModel.swift in Sources */ = {isa = PBXBuildFile; fileRef = 03E46D00275F56EA008C00FF /* GridViewModel.swift */; };
		03E46D06275F6143008C00FF /* CommonProperties.swift in Sources */ = {isa = PBXBuildFile; fileRef = 03E46D05275F6143008C00FF /* CommonProperties.swift */; };
		03E46D0B275F6159008C00FF /* RoundedRectangle+defaultCornerRadius.swift in Sources */ = {isa = PBXBuildFile; fileRef = 03E46D0A275F6159008C00FF /* RoundedRectangle+defaultCornerRadius.swift */; };
		03E46D10275F6169008C00FF /* InButton.swift in Sources */ = {isa = PBXBuildFile; fileRef = 03E46D0F275F6169008C00FF /* InButton.swift */; };
		03E46D15275F617E008C00FF /* BoxView.swift in Sources */ = {isa = PBXBuildFile; fileRef = 03E46D14275F617D008C00FF /* BoxView.swift */; };
		03E46D1A275F618D008C00FF /* RowView.swift in Sources */ = {isa = PBXBuildFile; fileRef = 03E46D19275F618D008C00FF /* RowView.swift */; };
		03E46D1F275F61C9008C00FF /* Player.swift in Sources */ = {isa = PBXBuildFile; fileRef = 03E46D1E275F61C9008C00FF /* Player.swift */; };
		03E46D24275F61E4008C00FF /* AI.swift in Sources */ = {isa = PBXBuildFile; fileRef = 03E46D23275F61E4008C00FF /* AI.swift */; };
		03E46D32275F93E0008C00FF /* Color+appColor.swift in Sources */ = {isa = PBXBuildFile; fileRef = 03E46D31275F93E0008C00FF /* Color+appColor.swift */; };
		03E46D37275F9CB7008C00FF /* SymbolView.swift in Sources */ = {isa = PBXBuildFile; fileRef = 03E46D36275F9CB7008C00FF /* SymbolView.swift */; };
		03E46D3C275F9F9C008C00FF /* AIViewModel.swift in Sources */ = {isa = PBXBuildFile; fileRef = 03E46D3B275F9F9C008C00FF /* AIViewModel.swift */; };
/* End PBXBuildFile section */

/* Begin PBXContainerItemProxy section */
		03E46CC3275F4B55008C00FF /* PBXContainerItemProxy */ = {
			isa = PBXContainerItemProxy;
			containerPortal = 03E46CA4275F4B4D008C00FF /* Project object */;
			proxyType = 1;
			remoteGlobalIDString = 03E46CAB275F4B4D008C00FF;
			remoteInfo = "Tic Tac Toe vs Ben";
		};
		03E46CCE275F4B55008C00FF /* PBXContainerItemProxy */ = {
			isa = PBXContainerItemProxy;
			containerPortal = 03E46CA4275F4B4D008C00FF /* Project object */;
			proxyType = 1;
			remoteGlobalIDString = 03E46CAB275F4B4D008C00FF;
			remoteInfo = "Tic Tac Toe vs Ben";
		};
/* End PBXContainerItemProxy section */

/* Begin PBXFileReference section */
		0325F2D027639C3900624EA6 /* AITests.swift */ = {isa = PBXFileReference; lastKnownFileType = sourcecode.swift; path = AITests.swift; sourceTree = "<group>"; };
		0345CAF42760B5F90045944F /* GridView.swift */ = {isa = PBXFileReference; lastKnownFileType = sourcecode.swift; path = GridView.swift; sourceTree = "<group>"; };
		0345CAF92760B84A0045944F /* InRoundedRectangle.swift */ = {isa = PBXFileReference; lastKnownFileType = sourcecode.swift; path = InRoundedRectangle.swift; sourceTree = "<group>"; };
		0345CAFE2760B8710045944F /* Font+appFont.swift */ = {isa = PBXFileReference; lastKnownFileType = sourcecode.swift; path = "Font+appFont.swift"; sourceTree = "<group>"; };
		0345CB0D2760CAE00045944F /* GridBox.swift */ = {isa = PBXFileReference; lastKnownFileType = sourcecode.swift; path = GridBox.swift; sourceTree = "<group>"; };
		0345CB122760CB090045944F /* GridLine.swift */ = {isa = PBXFileReference; lastKnownFileType = sourcecode.swift; path = GridLine.swift; sourceTree = "<group>"; };
		0345CB172760FCDE0045944F /* VictoriousLineView.swift */ = {isa = PBXFileReference; lastKnownFileType = sourcecode.swift; path = VictoriousLineView.swift; sourceTree = "<group>"; };
		0345CB1C2760FD010045944F /* Float+cgFloat.swift */ = {isa = PBXFileReference; lastKnownFileType = sourcecode.swift; path = "Float+cgFloat.swift"; sourceTree = "<group>"; };
		03734B1F27639361001FDE21 /* GridLine+victoriousLineMultipliers.swift */ = {isa = PBXFileReference; lastKnownFileType = sourcecode.swift; path = "GridLine+victoriousLineMultipliers.swift"; sourceTree = "<group>"; };
		03734B24276393A0001FDE21 /* Player+displayedProperties.swift */ = {isa = PBXFileReference; lastKnownFileType = sourcecode.swift; path = "Player+displayedProperties.swift"; sourceTree = "<group>"; };
		03DAC854276892320092534C /* TitleView.swift */ = {isa = PBXFileReference; lastKnownFileType = sourcecode.swift; path = TitleView.swift; sourceTree = "<group>"; };
		03DAC859276892480092534C /* MessageView.swift */ = {isa = PBXFileReference; lastKnownFileType = sourcecode.swift; path = MessageView.swift; sourceTree = "<group>"; };
		03DAC85E2768925C0092534C /* ResetView.swift */ = {isa = PBXFileReference; lastKnownFileType = sourcecode.swift; path = ResetView.swift; sourceTree = "<group>"; };
		03DAC8822768CF0A0092534C /* en */ = {isa = PBXFileReference; lastKnownFileType = text.plist.strings; name = en; path = en.lproj/Localizable.strings; sourceTree = "<group>"; };
		03DAC8872768CF2B0092534C /* fr */ = {isa = PBXFileReference; lastKnownFileType = text.plist.strings; name = fr; path = fr.lproj/LaunchScreen.strings; sourceTree = "<group>"; };
		03DAC8882768CF2B0092534C /* fr */ = {isa = PBXFileReference; lastKnownFileType = text.plist.strings; name = fr; path = fr.lproj/Localizable.strings; sourceTree = "<group>"; };
		03DAC88C2768CF850092534C /* String+Localizable.swift */ = {isa = PBXFileReference; lastKnownFileType = sourcecode.swift; path = "String+Localizable.swift"; sourceTree = "<group>"; };
		03E46CAC275F4B4E008C00FF /* Tic Tac Toe vs Ben.app */ = {isa = PBXFileReference; explicitFileType = wrapper.application; includeInIndex = 0; path = "Tic Tac Toe vs Ben.app"; sourceTree = BUILT_PRODUCTS_DIR; };
		03E46CAF275F4B4E008C00FF /* AppDelegate.swift */ = {isa = PBXFileReference; lastKnownFileType = sourcecode.swift; path = AppDelegate.swift; sourceTree = "<group>"; };
		03E46CB1275F4B4E008C00FF /* SceneDelegate.swift */ = {isa = PBXFileReference; lastKnownFileType = sourcecode.swift; path = SceneDelegate.swift; sourceTree = "<group>"; };
		03E46CB3275F4B4E008C00FF /* ContentView.swift */ = {isa = PBXFileReference; lastKnownFileType = sourcecode.swift; path = ContentView.swift; sourceTree = "<group>"; };
		03E46CB5275F4B54008C00FF /* Assets.xcassets */ = {isa = PBXFileReference; lastKnownFileType = folder.assetcatalog; path = Assets.xcassets; sourceTree = "<group>"; };
		03E46CB8275F4B54008C00FF /* Preview Assets.xcassets */ = {isa = PBXFileReference; lastKnownFileType = folder.assetcatalog; path = "Preview Assets.xcassets"; sourceTree = "<group>"; };
		03E46CBB275F4B54008C00FF /* Base */ = {isa = PBXFileReference; lastKnownFileType = file.storyboard; name = Base; path = Base.lproj/LaunchScreen.storyboard; sourceTree = "<group>"; };
		03E46CBD275F4B54008C00FF /* Info.plist */ = {isa = PBXFileReference; lastKnownFileType = text.plist.xml; path = Info.plist; sourceTree = "<group>"; };
		03E46CC2275F4B55008C00FF /* Tic Tac Toe vs BenTests.xctest */ = {isa = PBXFileReference; explicitFileType = wrapper.cfbundle; includeInIndex = 0; path = "Tic Tac Toe vs BenTests.xctest"; sourceTree = BUILT_PRODUCTS_DIR; };
		03E46CC6275F4B55008C00FF /* GridTests.swift */ = {isa = PBXFileReference; lastKnownFileType = sourcecode.swift; path = GridTests.swift; sourceTree = "<group>"; };
		03E46CC8275F4B55008C00FF /* Info.plist */ = {isa = PBXFileReference; lastKnownFileType = text.plist.xml; path = Info.plist; sourceTree = "<group>"; };
		03E46CCD275F4B55008C00FF /* Tic Tac Toe vs BenUITests.xctest */ = {isa = PBXFileReference; explicitFileType = wrapper.cfbundle; includeInIndex = 0; path = "Tic Tac Toe vs BenUITests.xctest"; sourceTree = BUILT_PRODUCTS_DIR; };
		03E46CD1275F4B55008C00FF /* Tic_Tac_Toe_vs_BenUITests.swift */ = {isa = PBXFileReference; lastKnownFileType = sourcecode.swift; path = Tic_Tac_Toe_vs_BenUITests.swift; sourceTree = "<group>"; };
		03E46CD3275F4B55008C00FF /* Info.plist */ = {isa = PBXFileReference; lastKnownFileType = text.plist.xml; path = Info.plist; sourceTree = "<group>"; };
		03E46CF6275F4BCD008C00FF /* GridModel.swift */ = {isa = PBXFileReference; lastKnownFileType = sourcecode.swift; path = GridModel.swift; sourceTree = "<group>"; };
		03E46CFB275F4C73008C00FF /* UserDefault.swift */ = {isa = PBXFileReference; lastKnownFileType = sourcecode.swift; path = UserDefault.swift; sourceTree = "<group>"; };
		03E46D00275F56EA008C00FF /* GridViewModel.swift */ = {isa = PBXFileReference; lastKnownFileType = sourcecode.swift; path = GridViewModel.swift; sourceTree = "<group>"; };
		03E46D05275F6143008C00FF /* CommonProperties.swift */ = {isa = PBXFileReference; lastKnownFileType = sourcecode.swift; path = CommonProperties.swift; sourceTree = "<group>"; };
		03E46D0A275F6159008C00FF /* RoundedRectangle+defaultCornerRadius.swift */ = {isa = PBXFileReference; lastKnownFileType = sourcecode.swift; path = "RoundedRectangle+defaultCornerRadius.swift"; sourceTree = "<group>"; };
		03E46D0F275F6169008C00FF /* InButton.swift */ = {isa = PBXFileReference; lastKnownFileType = sourcecode.swift; path = InButton.swift; sourceTree = "<group>"; };
		03E46D14275F617D008C00FF /* BoxView.swift */ = {isa = PBXFileReference; lastKnownFileType = sourcecode.swift; path = BoxView.swift; sourceTree = "<group>"; };
		03E46D19275F618D008C00FF /* RowView.swift */ = {isa = PBXFileReference; lastKnownFileType = sourcecode.swift; path = RowView.swift; sourceTree = "<group>"; };
		03E46D1E275F61C9008C00FF /* Player.swift */ = {isa = PBXFileReference; lastKnownFileType = sourcecode.swift; path = Player.swift; sourceTree = "<group>"; };
		03E46D23275F61E4008C00FF /* AI.swift */ = {isa = PBXFileReference; lastKnownFileType = sourcecode.swift; path = AI.swift; sourceTree = "<group>"; };
		03E46D31275F93E0008C00FF /* Color+appColor.swift */ = {isa = PBXFileReference; lastKnownFileType = sourcecode.swift; path = "Color+appColor.swift"; sourceTree = "<group>"; };
		03E46D36275F9CB7008C00FF /* SymbolView.swift */ = {isa = PBXFileReference; lastKnownFileType = sourcecode.swift; path = SymbolView.swift; sourceTree = "<group>"; };
		03E46D3B275F9F9C008C00FF /* AIViewModel.swift */ = {isa = PBXFileReference; lastKnownFileType = sourcecode.swift; path = AIViewModel.swift; sourceTree = "<group>"; };
/* End PBXFileReference section */

/* Begin PBXFrameworksBuildPhase section */
		03E46CA9275F4B4D008C00FF /* Frameworks */ = {
			isa = PBXFrameworksBuildPhase;
			buildActionMask = 2147483647;
			files = (
			);
			runOnlyForDeploymentPostprocessing = 0;
		};
		03E46CBF275F4B55008C00FF /* Frameworks */ = {
			isa = PBXFrameworksBuildPhase;
			buildActionMask = 2147483647;
			files = (
			);
			runOnlyForDeploymentPostprocessing = 0;
		};
		03E46CCA275F4B55008C00FF /* Frameworks */ = {
			isa = PBXFrameworksBuildPhase;
			buildActionMask = 2147483647;
			files = (
			);
			runOnlyForDeploymentPostprocessing = 0;
		};
/* End PBXFrameworksBuildPhase section */

/* Begin PBXGroup section */
		0345CB032760B8820045944F /* Game */ = {
			isa = PBXGroup;
			children = (
				0345CB092760B8BF0045944F /* Supporting files */,
				0345CB082760B8A50045944F /* Interface */,
				0345CB042760B8910045944F /* extensions */,
			);
			path = Game;
			sourceTree = "<group>";
		};
		0345CB042760B8910045944F /* extensions */ = {
			isa = PBXGroup;
			children = (
				03E46D0A275F6159008C00FF /* RoundedRectangle+defaultCornerRadius.swift */,
				0345CB1C2760FD010045944F /* Float+cgFloat.swift */,
				03E46D31275F93E0008C00FF /* Color+appColor.swift */,
				0345CAFE2760B8710045944F /* Font+appFont.swift */,
				03734B1F27639361001FDE21 /* GridLine+victoriousLineMultipliers.swift */,
				03734B24276393A0001FDE21 /* Player+displayedProperties.swift */,
				03DAC88C2768CF850092534C /* String+Localizable.swift */,
			);
			path = extensions;
			sourceTree = "<group>";
		};
		0345CB082760B8A50045944F /* Interface */ = {
			isa = PBXGroup;
			children = (
				03DAC863276892B60092534C /* Home */,
				03DAC871276893930092534C /* Grid */,
			);
			path = Interface;
			sourceTree = "<group>";
		};
		0345CB092760B8BF0045944F /* Supporting files */ = {
			isa = PBXGroup;
			children = (
				03E46D05275F6143008C00FF /* CommonProperties.swift */,
				03E46D0F275F6169008C00FF /* InButton.swift */,
				0345CAF92760B84A0045944F /* InRoundedRectangle.swift */,
			);
			path = "Supporting files";
			sourceTree = "<group>";
		};
		03DAC863276892B60092534C /* Home */ = {
			isa = PBXGroup;
			children = (
				03E46CB3275F4B4E008C00FF /* ContentView.swift */,
				03DAC854276892320092534C /* TitleView.swift */,
				03DAC859276892480092534C /* MessageView.swift */,
				03DAC85E2768925C0092534C /* ResetView.swift */,
			);
			path = Home;
			sourceTree = "<group>";
		};
		03DAC871276893930092534C /* Grid */ = {
			isa = PBXGroup;
			children = (
				0345CAF42760B5F90045944F /* GridView.swift */,
				0345CB172760FCDE0045944F /* VictoriousLineView.swift */,
				03E46D19275F618D008C00FF /* RowView.swift */,
				03E46D14275F617D008C00FF /* BoxView.swift */,
				03E46D36275F9CB7008C00FF /* SymbolView.swift */,
			);
			path = Grid;
			sourceTree = "<group>";
		};
		03DAC87B2768CEDF0092534C /* Localizable */ = {
			isa = PBXGroup;
			children = (
				03DAC8832768CF0A0092534C /* Localizable.strings */,
			);
			path = Localizable;
			sourceTree = "<group>";
		};
		03E46CA3275F4B4D008C00FF = {
			isa = PBXGroup;
			children = (
				03E46CAE275F4B4E008C00FF /* Tic Tac Toe vs Ben */,
				03E46CC5275F4B55008C00FF /* Tic Tac Toe vs BenTests */,
				03E46CD0275F4B55008C00FF /* Tic Tac Toe vs BenUITests */,
				03E46CAD275F4B4E008C00FF /* Products */,
			);
			sourceTree = "<group>";
		};
		03E46CAD275F4B4E008C00FF /* Products */ = {
			isa = PBXGroup;
			children = (
				03E46CAC275F4B4E008C00FF /* Tic Tac Toe vs Ben.app */,
				03E46CC2275F4B55008C00FF /* Tic Tac Toe vs BenTests.xctest */,
				03E46CCD275F4B55008C00FF /* Tic Tac Toe vs BenUITests.xctest */,
			);
			name = Products;
			sourceTree = "<group>";
		};
		03E46CAE275F4B4E008C00FF /* Tic Tac Toe vs Ben */ = {
			isa = PBXGroup;
			children = (
				03E46CE5275F4B67008C00FF /* Supporting files */,
				03E46CE4275F4B65008C00FF /* View */,
				03E46CE3275F4B62008C00FF /* ViewModel */,
				03E46CE2275F4B60008C00FF /* Model */,
				03E46CB7275F4B54008C00FF /* Preview Content */,
			);
			path = "Tic Tac Toe vs Ben";
			sourceTree = "<group>";
		};
		03E46CB7275F4B54008C00FF /* Preview Content */ = {
			isa = PBXGroup;
			children = (
				03E46CB8275F4B54008C00FF /* Preview Assets.xcassets */,
			);
			path = "Preview Content";
			sourceTree = "<group>";
		};
		03E46CC5275F4B55008C00FF /* Tic Tac Toe vs BenTests */ = {
			isa = PBXGroup;
			children = (
				03E46CC6275F4B55008C00FF /* GridTests.swift */,
				0325F2D027639C3900624EA6 /* AITests.swift */,
				03E46CC8275F4B55008C00FF /* Info.plist */,
			);
			path = "Tic Tac Toe vs BenTests";
			sourceTree = "<group>";
		};
		03E46CD0275F4B55008C00FF /* Tic Tac Toe vs BenUITests */ = {
			isa = PBXGroup;
			children = (
				03E46CD1275F4B55008C00FF /* Tic_Tac_Toe_vs_BenUITests.swift */,
				03E46CD3275F4B55008C00FF /* Info.plist */,
			);
			path = "Tic Tac Toe vs BenUITests";
			sourceTree = "<group>";
		};
		03E46CE2275F4B60008C00FF /* Model */ = {
			isa = PBXGroup;
			children = (
				03E46CF6275F4BCD008C00FF /* GridModel.swift */,
				03E46D1E275F61C9008C00FF /* Player.swift */,
				03E46D23275F61E4008C00FF /* AI.swift */,
				0345CB0D2760CAE00045944F /* GridBox.swift */,
				0345CB122760CB090045944F /* GridLine.swift */,
				03E46CFB275F4C73008C00FF /* UserDefault.swift */,
			);
			path = Model;
			sourceTree = "<group>";
		};
		03E46CE3275F4B62008C00FF /* ViewModel */ = {
			isa = PBXGroup;
			children = (
				03E46D00275F56EA008C00FF /* GridViewModel.swift */,
				03E46D3B275F9F9C008C00FF /* AIViewModel.swift */,
			);
			path = ViewModel;
			sourceTree = "<group>";
		};
		03E46CE4275F4B65008C00FF /* View */ = {
			isa = PBXGroup;
			children = (
				0345CB032760B8820045944F /* Game */,
				03E46CE6275F4B72008C00FF /* LaunchScreen */,
			);
			path = View;
			sourceTree = "<group>";
		};
		03E46CE5275F4B67008C00FF /* Supporting files */ = {
			isa = PBXGroup;
			children = (
				03DAC87B2768CEDF0092534C /* Localizable */,
				03E46CB5275F4B54008C00FF /* Assets.xcassets */,
				03E46CBD275F4B54008C00FF /* Info.plist */,
				03E46CB1275F4B4E008C00FF /* SceneDelegate.swift */,
				03E46CAF275F4B4E008C00FF /* AppDelegate.swift */,
			);
			path = "Supporting files";
			sourceTree = "<group>";
		};
		03E46CE6275F4B72008C00FF /* LaunchScreen */ = {
			isa = PBXGroup;
			children = (
				03E46CBA275F4B54008C00FF /* LaunchScreen.storyboard */,
			);
			path = LaunchScreen;
			sourceTree = "<group>";
		};
/* End PBXGroup section */

/* Begin PBXNativeTarget section */
		03E46CAB275F4B4D008C00FF /* Tic Tac Toe vs Ben */ = {
			isa = PBXNativeTarget;
			buildConfigurationList = 03E46CD6275F4B55008C00FF /* Build configuration list for PBXNativeTarget "Tic Tac Toe vs Ben" */;
			buildPhases = (
				03E46CA8275F4B4D008C00FF /* Sources */,
				03E46CA9275F4B4D008C00FF /* Frameworks */,
				03E46CAA275F4B4D008C00FF /* Resources */,
			);
			buildRules = (
			);
			dependencies = (
			);
			name = "Tic Tac Toe vs Ben";
			productName = "Tic Tac Toe vs Ben";
			productReference = 03E46CAC275F4B4E008C00FF /* Tic Tac Toe vs Ben.app */;
			productType = "com.apple.product-type.application";
		};
		03E46CC1275F4B55008C00FF /* Tic Tac Toe vs BenTests */ = {
			isa = PBXNativeTarget;
			buildConfigurationList = 03E46CD9275F4B55008C00FF /* Build configuration list for PBXNativeTarget "Tic Tac Toe vs BenTests" */;
			buildPhases = (
				03E46CBE275F4B55008C00FF /* Sources */,
				03E46CBF275F4B55008C00FF /* Frameworks */,
				03E46CC0275F4B55008C00FF /* Resources */,
			);
			buildRules = (
			);
			dependencies = (
				03E46CC4275F4B55008C00FF /* PBXTargetDependency */,
			);
			name = "Tic Tac Toe vs BenTests";
			productName = "Tic Tac Toe vs BenTests";
			productReference = 03E46CC2275F4B55008C00FF /* Tic Tac Toe vs BenTests.xctest */;
			productType = "com.apple.product-type.bundle.unit-test";
		};
		03E46CCC275F4B55008C00FF /* Tic Tac Toe vs BenUITests */ = {
			isa = PBXNativeTarget;
			buildConfigurationList = 03E46CDC275F4B55008C00FF /* Build configuration list for PBXNativeTarget "Tic Tac Toe vs BenUITests" */;
			buildPhases = (
				03E46CC9275F4B55008C00FF /* Sources */,
				03E46CCA275F4B55008C00FF /* Frameworks */,
				03E46CCB275F4B55008C00FF /* Resources */,
			);
			buildRules = (
			);
			dependencies = (
				03E46CCF275F4B55008C00FF /* PBXTargetDependency */,
			);
			name = "Tic Tac Toe vs BenUITests";
			productName = "Tic Tac Toe vs BenUITests";
			productReference = 03E46CCD275F4B55008C00FF /* Tic Tac Toe vs BenUITests.xctest */;
			productType = "com.apple.product-type.bundle.ui-testing";
		};
/* End PBXNativeTarget section */

/* Begin PBXProject section */
		03E46CA4275F4B4D008C00FF /* Project object */ = {
			isa = PBXProject;
			attributes = {
				LastSwiftUpdateCheck = 1240;
				LastUpgradeCheck = 1240;
				TargetAttributes = {
					03E46CAB275F4B4D008C00FF = {
						CreatedOnToolsVersion = 12.4;
					};
					03E46CC1275F4B55008C00FF = {
						CreatedOnToolsVersion = 12.4;
						TestTargetID = 03E46CAB275F4B4D008C00FF;
					};
					03E46CCC275F4B55008C00FF = {
						CreatedOnToolsVersion = 12.4;
						TestTargetID = 03E46CAB275F4B4D008C00FF;
					};
				};
			};
			buildConfigurationList = 03E46CA7275F4B4D008C00FF /* Build configuration list for PBXProject "Tic Tac Toe vs Ben" */;
			compatibilityVersion = "Xcode 9.3";
			developmentRegion = en;
			hasScannedForEncodings = 0;
			knownRegions = (
				en,
				Base,
				fr,
			);
			mainGroup = 03E46CA3275F4B4D008C00FF;
			productRefGroup = 03E46CAD275F4B4E008C00FF /* Products */;
			projectDirPath = "";
			projectRoot = "";
			targets = (
				03E46CAB275F4B4D008C00FF /* Tic Tac Toe vs Ben */,
				03E46CC1275F4B55008C00FF /* Tic Tac Toe vs BenTests */,
				03E46CCC275F4B55008C00FF /* Tic Tac Toe vs BenUITests */,
			);
		};
/* End PBXProject section */

/* Begin PBXResourcesBuildPhase section */
		03E46CAA275F4B4D008C00FF /* Resources */ = {
			isa = PBXResourcesBuildPhase;
			buildActionMask = 2147483647;
			files = (
				03E46CBC275F4B54008C00FF /* LaunchScreen.storyboard in Resources */,
				03DAC8812768CF0A0092534C /* Localizable.strings in Resources */,
				03E46CB9275F4B54008C00FF /* Preview Assets.xcassets in Resources */,
				03E46CB6275F4B54008C00FF /* Assets.xcassets in Resources */,
			);
			runOnlyForDeploymentPostprocessing = 0;
		};
		03E46CC0275F4B55008C00FF /* Resources */ = {
			isa = PBXResourcesBuildPhase;
			buildActionMask = 2147483647;
			files = (
			);
			runOnlyForDeploymentPostprocessing = 0;
		};
		03E46CCB275F4B55008C00FF /* Resources */ = {
			isa = PBXResourcesBuildPhase;
			buildActionMask = 2147483647;
			files = (
			);
			runOnlyForDeploymentPostprocessing = 0;
		};
/* End PBXResourcesBuildPhase section */

/* Begin PBXSourcesBuildPhase section */
		03E46CA8275F4B4D008C00FF /* Sources */ = {
			isa = PBXSourcesBuildPhase;
			buildActionMask = 2147483647;
			files = (
				03E46D01275F56EA008C00FF /* GridViewModel.swift in Sources */,
				03E46CB0275F4B4E008C00FF /* AppDelegate.swift in Sources */,
				03E46D3C275F9F9C008C00FF /* AIViewModel.swift in Sources */,
				0345CB132760CB090045944F /* GridLine.swift in Sources */,
				03E46D15275F617E008C00FF /* BoxView.swift in Sources */,
				03DAC855276892320092534C /* TitleView.swift in Sources */,
				03E46D32275F93E0008C00FF /* Color+appColor.swift in Sources */,
				0345CB182760FCDF0045944F /* VictoriousLineView.swift in Sources */,
				03E46CF7275F4BCD008C00FF /* GridModel.swift in Sources */,
				03E46D1F275F61C9008C00FF /* Player.swift in Sources */,
				03DAC85F2768925C0092534C /* ResetView.swift in Sources */,
				03E46D37275F9CB7008C00FF /* SymbolView.swift in Sources */,
				03E46D24275F61E4008C00FF /* AI.swift in Sources */,
				03DAC85A276892480092534C /* MessageView.swift in Sources */,
				03E46D10275F6169008C00FF /* InButton.swift in Sources */,
				03E46D06275F6143008C00FF /* CommonProperties.swift in Sources */,
				03734B25276393A0001FDE21 /* Player+displayedProperties.swift in Sources */,
				03734B2027639361001FDE21 /* GridLine+victoriousLineMultipliers.swift in Sources */,
				0345CB0E2760CAE00045944F /* GridBox.swift in Sources */,
				0345CB1D2760FD010045944F /* Float+cgFloat.swift in Sources */,
				03E46D0B275F6159008C00FF /* RoundedRectangle+defaultCornerRadius.swift in Sources */,
				03E46CFC275F4C73008C00FF /* UserDefault.swift in Sources */,
				03E46D1A275F618D008C00FF /* RowView.swift in Sources */,
				03E46CB2275F4B4E008C00FF /* SceneDelegate.swift in Sources */,
				0345CAFA2760B84A0045944F /* InRoundedRectangle.swift in Sources */,
				0345CAF52760B5F90045944F /* GridView.swift in Sources */,
				03E46CB4275F4B4E008C00FF /* ContentView.swift in Sources */,
				0345CAFF2760B8710045944F /* Font+appFont.swift in Sources */,
				03DAC88D2768CF850092534C /* String+Localizable.swift in Sources */,
			);
			runOnlyForDeploymentPostprocessing = 0;
		};
		03E46CBE275F4B55008C00FF /* Sources */ = {
			isa = PBXSourcesBuildPhase;
			buildActionMask = 2147483647;
			files = (
				03E46CC7275F4B55008C00FF /* GridTests.swift in Sources */,
				0325F2D127639C3900624EA6 /* AITests.swift in Sources */,
			);
			runOnlyForDeploymentPostprocessing = 0;
		};
		03E46CC9275F4B55008C00FF /* Sources */ = {
			isa = PBXSourcesBuildPhase;
			buildActionMask = 2147483647;
			files = (
				03E46CD2275F4B55008C00FF /* Tic_Tac_Toe_vs_BenUITests.swift in Sources */,
			);
			runOnlyForDeploymentPostprocessing = 0;
		};
/* End PBXSourcesBuildPhase section */

/* Begin PBXTargetDependency section */
		03E46CC4275F4B55008C00FF /* PBXTargetDependency */ = {
			isa = PBXTargetDependency;
			target = 03E46CAB275F4B4D008C00FF /* Tic Tac Toe vs Ben */;
			targetProxy = 03E46CC3275F4B55008C00FF /* PBXContainerItemProxy */;
		};
		03E46CCF275F4B55008C00FF /* PBXTargetDependency */ = {
			isa = PBXTargetDependency;
			target = 03E46CAB275F4B4D008C00FF /* Tic Tac Toe vs Ben */;
			targetProxy = 03E46CCE275F4B55008C00FF /* PBXContainerItemProxy */;
		};
/* End PBXTargetDependency section */

/* Begin PBXVariantGroup section */
		03DAC8832768CF0A0092534C /* Localizable.strings */ = {
			isa = PBXVariantGroup;
			children = (
				03DAC8822768CF0A0092534C /* en */,
				03DAC8882768CF2B0092534C /* fr */,
			);
			name = Localizable.strings;
			sourceTree = "<group>";
		};
		03E46CBA275F4B54008C00FF /* LaunchScreen.storyboard */ = {
			isa = PBXVariantGroup;
			children = (
				03E46CBB275F4B54008C00FF /* Base */,
				03DAC8872768CF2B0092534C /* fr */,
			);
			name = LaunchScreen.storyboard;
			sourceTree = "<group>";
		};
/* End PBXVariantGroup section */

/* Begin XCBuildConfiguration section */
		03E46CD4275F4B55008C00FF /* Debug */ = {
			isa = XCBuildConfiguration;
			buildSettings = {
				ALWAYS_SEARCH_USER_PATHS = NO;
				CLANG_ANALYZER_LOCALIZABILITY_NONLOCALIZED = YES;
				CLANG_ANALYZER_NONNULL = YES;
				CLANG_ANALYZER_NUMBER_OBJECT_CONVERSION = YES_AGGRESSIVE;
				CLANG_CXX_LANGUAGE_STANDARD = "gnu++14";
				CLANG_CXX_LIBRARY = "libc++";
				CLANG_ENABLE_MODULES = YES;
				CLANG_ENABLE_OBJC_ARC = YES;
				CLANG_ENABLE_OBJC_WEAK = YES;
				CLANG_WARN_BLOCK_CAPTURE_AUTORELEASING = YES;
				CLANG_WARN_BOOL_CONVERSION = YES;
				CLANG_WARN_COMMA = YES;
				CLANG_WARN_CONSTANT_CONVERSION = YES;
				CLANG_WARN_DEPRECATED_OBJC_IMPLEMENTATIONS = YES;
				CLANG_WARN_DIRECT_OBJC_ISA_USAGE = YES_ERROR;
				CLANG_WARN_DOCUMENTATION_COMMENTS = YES;
				CLANG_WARN_EMPTY_BODY = YES;
				CLANG_WARN_ENUM_CONVERSION = YES;
				CLANG_WARN_INFINITE_RECURSION = YES;
				CLANG_WARN_INT_CONVERSION = YES;
				CLANG_WARN_NON_LITERAL_NULL_CONVERSION = YES;
				CLANG_WARN_OBJC_IMPLICIT_RETAIN_SELF = YES;
				CLANG_WARN_OBJC_LITERAL_CONVERSION = YES;
				CLANG_WARN_OBJC_ROOT_CLASS = YES_ERROR;
				CLANG_WARN_QUOTED_INCLUDE_IN_FRAMEWORK_HEADER = YES;
				CLANG_WARN_RANGE_LOOP_ANALYSIS = YES;
				CLANG_WARN_STRICT_PROTOTYPES = YES;
				CLANG_WARN_SUSPICIOUS_MOVE = YES;
				CLANG_WARN_UNGUARDED_AVAILABILITY = YES_AGGRESSIVE;
				CLANG_WARN_UNREACHABLE_CODE = YES;
				CLANG_WARN__DUPLICATE_METHOD_MATCH = YES;
				COPY_PHASE_STRIP = NO;
				DEBUG_INFORMATION_FORMAT = dwarf;
				ENABLE_STRICT_OBJC_MSGSEND = YES;
				ENABLE_TESTABILITY = YES;
				GCC_C_LANGUAGE_STANDARD = gnu11;
				GCC_DYNAMIC_NO_PIC = NO;
				GCC_NO_COMMON_BLOCKS = YES;
				GCC_OPTIMIZATION_LEVEL = 0;
				GCC_PREPROCESSOR_DEFINITIONS = (
					"DEBUG=1",
					"$(inherited)",
				);
				GCC_WARN_64_TO_32_BIT_CONVERSION = YES;
				GCC_WARN_ABOUT_RETURN_TYPE = YES_ERROR;
				GCC_WARN_UNDECLARED_SELECTOR = YES;
				GCC_WARN_UNINITIALIZED_AUTOS = YES_AGGRESSIVE;
				GCC_WARN_UNUSED_FUNCTION = YES;
				GCC_WARN_UNUSED_VARIABLE = YES;
				IPHONEOS_DEPLOYMENT_TARGET = 13.0;
				MTL_ENABLE_DEBUG_INFO = INCLUDE_SOURCE;
				MTL_FAST_MATH = YES;
				ONLY_ACTIVE_ARCH = YES;
				SDKROOT = iphoneos;
				SWIFT_ACTIVE_COMPILATION_CONDITIONS = DEBUG;
				SWIFT_OPTIMIZATION_LEVEL = "-Onone";
			};
			name = Debug;
		};
		03E46CD5275F4B55008C00FF /* Release */ = {
			isa = XCBuildConfiguration;
			buildSettings = {
				ALWAYS_SEARCH_USER_PATHS = NO;
				CLANG_ANALYZER_LOCALIZABILITY_NONLOCALIZED = YES;
				CLANG_ANALYZER_NONNULL = YES;
				CLANG_ANALYZER_NUMBER_OBJECT_CONVERSION = YES_AGGRESSIVE;
				CLANG_CXX_LANGUAGE_STANDARD = "gnu++14";
				CLANG_CXX_LIBRARY = "libc++";
				CLANG_ENABLE_MODULES = YES;
				CLANG_ENABLE_OBJC_ARC = YES;
				CLANG_ENABLE_OBJC_WEAK = YES;
				CLANG_WARN_BLOCK_CAPTURE_AUTORELEASING = YES;
				CLANG_WARN_BOOL_CONVERSION = YES;
				CLANG_WARN_COMMA = YES;
				CLANG_WARN_CONSTANT_CONVERSION = YES;
				CLANG_WARN_DEPRECATED_OBJC_IMPLEMENTATIONS = YES;
				CLANG_WARN_DIRECT_OBJC_ISA_USAGE = YES_ERROR;
				CLANG_WARN_DOCUMENTATION_COMMENTS = YES;
				CLANG_WARN_EMPTY_BODY = YES;
				CLANG_WARN_ENUM_CONVERSION = YES;
				CLANG_WARN_INFINITE_RECURSION = YES;
				CLANG_WARN_INT_CONVERSION = YES;
				CLANG_WARN_NON_LITERAL_NULL_CONVERSION = YES;
				CLANG_WARN_OBJC_IMPLICIT_RETAIN_SELF = YES;
				CLANG_WARN_OBJC_LITERAL_CONVERSION = YES;
				CLANG_WARN_OBJC_ROOT_CLASS = YES_ERROR;
				CLANG_WARN_QUOTED_INCLUDE_IN_FRAMEWORK_HEADER = YES;
				CLANG_WARN_RANGE_LOOP_ANALYSIS = YES;
				CLANG_WARN_STRICT_PROTOTYPES = YES;
				CLANG_WARN_SUSPICIOUS_MOVE = YES;
				CLANG_WARN_UNGUARDED_AVAILABILITY = YES_AGGRESSIVE;
				CLANG_WARN_UNREACHABLE_CODE = YES;
				CLANG_WARN__DUPLICATE_METHOD_MATCH = YES;
				COPY_PHASE_STRIP = NO;
				DEBUG_INFORMATION_FORMAT = "dwarf-with-dsym";
				ENABLE_NS_ASSERTIONS = NO;
				ENABLE_STRICT_OBJC_MSGSEND = YES;
				GCC_C_LANGUAGE_STANDARD = gnu11;
				GCC_NO_COMMON_BLOCKS = YES;
				GCC_WARN_64_TO_32_BIT_CONVERSION = YES;
				GCC_WARN_ABOUT_RETURN_TYPE = YES_ERROR;
				GCC_WARN_UNDECLARED_SELECTOR = YES;
				GCC_WARN_UNINITIALIZED_AUTOS = YES_AGGRESSIVE;
				GCC_WARN_UNUSED_FUNCTION = YES;
				GCC_WARN_UNUSED_VARIABLE = YES;
				IPHONEOS_DEPLOYMENT_TARGET = 13.0;
				MTL_ENABLE_DEBUG_INFO = NO;
				MTL_FAST_MATH = YES;
				SDKROOT = iphoneos;
				SWIFT_COMPILATION_MODE = wholemodule;
				SWIFT_OPTIMIZATION_LEVEL = "-O";
				VALIDATE_PRODUCT = YES;
			};
			name = Release;
		};
		03E46CD7275F4B55008C00FF /* Debug */ = {
			isa = XCBuildConfiguration;
			buildSettings = {
				ASSETCATALOG_COMPILER_APPICON_NAME = AppIcon;
				ASSETCATALOG_COMPILER_GLOBAL_ACCENT_COLOR_NAME = AccentColor;
				CODE_SIGN_STYLE = Automatic;
				DEVELOPMENT_ASSET_PATHS = "\"Tic Tac Toe vs Ben/Preview Content\"";
				DEVELOPMENT_TEAM = XF9Z2VTWR3;
				ENABLE_PREVIEWS = YES;
				INFOPLIST_FILE = "$(SRCROOT)/Tic Tac Toe vs Ben/Supporting files/Info.plist";
				IPHONEOS_DEPLOYMENT_TARGET = 13.0;
				LD_RUNPATH_SEARCH_PATHS = (
					"$(inherited)",
					"@executable_path/Frameworks",
				);
				PRODUCT_BUNDLE_IDENTIFIER = "com.benjamin-breton.Tic-Tac-Toe-vs-Ben";
				PRODUCT_NAME = "$(TARGET_NAME)";
				SWIFT_VERSION = 5.0;
				TARGETED_DEVICE_FAMILY = 1;
			};
			name = Debug;
		};
		03E46CD8275F4B55008C00FF /* Release */ = {
			isa = XCBuildConfiguration;
			buildSettings = {
				ASSETCATALOG_COMPILER_APPICON_NAME = AppIcon;
				ASSETCATALOG_COMPILER_GLOBAL_ACCENT_COLOR_NAME = AccentColor;
				CODE_SIGN_STYLE = Automatic;
				DEVELOPMENT_ASSET_PATHS = "\"Tic Tac Toe vs Ben/Preview Content\"";
				DEVELOPMENT_TEAM = XF9Z2VTWR3;
				ENABLE_PREVIEWS = YES;
				INFOPLIST_FILE = "$(SRCROOT)/Tic Tac Toe vs Ben/Supporting files/Info.plist";
				IPHONEOS_DEPLOYMENT_TARGET = 13.0;
				LD_RUNPATH_SEARCH_PATHS = (
					"$(inherited)",
					"@executable_path/Frameworks",
				);
				PRODUCT_BUNDLE_IDENTIFIER = "com.benjamin-breton.Tic-Tac-Toe-vs-Ben";
				PRODUCT_NAME = "$(TARGET_NAME)";
				SWIFT_VERSION = 5.0;
				TARGETED_DEVICE_FAMILY = 1;
			};
			name = Release;
		};
		03E46CDA275F4B55008C00FF /* Debug */ = {
			isa = XCBuildConfiguration;
			buildSettings = {
				ALWAYS_EMBED_SWIFT_STANDARD_LIBRARIES = YES;
				BUNDLE_LOADER = "$(TEST_HOST)";
				CODE_SIGN_STYLE = Automatic;
				DEVELOPMENT_TEAM = XF9Z2VTWR3;
				INFOPLIST_FILE = "Tic Tac Toe vs BenTests/Info.plist";
				IPHONEOS_DEPLOYMENT_TARGET = 13.0;
				LD_RUNPATH_SEARCH_PATHS = (
					"$(inherited)",
					"@executable_path/Frameworks",
					"@loader_path/Frameworks",
				);
				PRODUCT_BUNDLE_IDENTIFIER = "com.benjamin-breton.Tic-Tac-Toe-vs-BenTests";
				PRODUCT_NAME = "$(TARGET_NAME)";
				SWIFT_VERSION = 5.0;
				TARGETED_DEVICE_FAMILY = "1,2";
				TEST_HOST = "$(BUILT_PRODUCTS_DIR)/Tic Tac Toe vs Ben.app/Tic Tac Toe vs Ben";
			};
			name = Debug;
		};
		03E46CDB275F4B55008C00FF /* Release */ = {
			isa = XCBuildConfiguration;
			buildSettings = {
				ALWAYS_EMBED_SWIFT_STANDARD_LIBRARIES = YES;
				BUNDLE_LOADER = "$(TEST_HOST)";
				CODE_SIGN_STYLE = Automatic;
				DEVELOPMENT_TEAM = XF9Z2VTWR3;
				INFOPLIST_FILE = "Tic Tac Toe vs BenTests/Info.plist";
				IPHONEOS_DEPLOYMENT_TARGET = 13.0;
				LD_RUNPATH_SEARCH_PATHS = (
					"$(inherited)",
					"@executable_path/Frameworks",
					"@loader_path/Frameworks",
				);
				PRODUCT_BUNDLE_IDENTIFIER = "com.benjamin-breton.Tic-Tac-Toe-vs-BenTests";
				PRODUCT_NAME = "$(TARGET_NAME)";
				SWIFT_VERSION = 5.0;
				TARGETED_DEVICE_FAMILY = "1,2";
				TEST_HOST = "$(BUILT_PRODUCTS_DIR)/Tic Tac Toe vs Ben.app/Tic Tac Toe vs Ben";
			};
			name = Release;
		};
		03E46CDD275F4B55008C00FF /* Debug */ = {
			isa = XCBuildConfiguration;
			buildSettings = {
				ALWAYS_EMBED_SWIFT_STANDARD_LIBRARIES = YES;
				CODE_SIGN_STYLE = Automatic;
				DEVELOPMENT_TEAM = XF9Z2VTWR3;
				INFOPLIST_FILE = "Tic Tac Toe vs BenUITests/Info.plist";
				LD_RUNPATH_SEARCH_PATHS = (
					"$(inherited)",
					"@executable_path/Frameworks",
					"@loader_path/Frameworks",
				);
				PRODUCT_BUNDLE_IDENTIFIER = "com.benjamin-breton.Tic-Tac-Toe-vs-BenUITests";
				PRODUCT_NAME = "$(TARGET_NAME)";
				SWIFT_VERSION = 5.0;
				TARGETED_DEVICE_FAMILY = "1,2";
				TEST_TARGET_NAME = "Tic Tac Toe vs Ben";
			};
			name = Debug;
		};
		03E46CDE275F4B55008C00FF /* Release */ = {
			isa = XCBuildConfiguration;
			buildSettings = {
				ALWAYS_EMBED_SWIFT_STANDARD_LIBRARIES = YES;
				CODE_SIGN_STYLE = Automatic;
				DEVELOPMENT_TEAM = XF9Z2VTWR3;
				INFOPLIST_FILE = "Tic Tac Toe vs BenUITests/Info.plist";
				LD_RUNPATH_SEARCH_PATHS = (
					"$(inherited)",
					"@executable_path/Frameworks",
					"@loader_path/Frameworks",
				);
				PRODUCT_BUNDLE_IDENTIFIER = "com.benjamin-breton.Tic-Tac-Toe-vs-BenUITests";
				PRODUCT_NAME = "$(TARGET_NAME)";
				SWIFT_VERSION = 5.0;
				TARGETED_DEVICE_FAMILY = "1,2";
				TEST_TARGET_NAME = "Tic Tac Toe vs Ben";
			};
			name = Release;
		};
/* End XCBuildConfiguration section */

/* Begin XCConfigurationList section */
		03E46CA7275F4B4D008C00FF /* Build configuration list for PBXProject "Tic Tac Toe vs Ben" */ = {
			isa = XCConfigurationList;
			buildConfigurations = (
				03E46CD4275F4B55008C00FF /* Debug */,
				03E46CD5275F4B55008C00FF /* Release */,
			);
			defaultConfigurationIsVisible = 0;
			defaultConfigurationName = Release;
		};
		03E46CD6275F4B55008C00FF /* Build configuration list for PBXNativeTarget "Tic Tac Toe vs Ben" */ = {
			isa = XCConfigurationList;
			buildConfigurations = (
				03E46CD7275F4B55008C00FF /* Debug */,
				03E46CD8275F4B55008C00FF /* Release */,
			);
			defaultConfigurationIsVisible = 0;
			defaultConfigurationName = Release;
		};
		03E46CD9275F4B55008C00FF /* Build configuration list for PBXNativeTarget "Tic Tac Toe vs BenTests" */ = {
			isa = XCConfigurationList;
			buildConfigurations = (
				03E46CDA275F4B55008C00FF /* Debug */,
				03E46CDB275F4B55008C00FF /* Release */,
			);
			defaultConfigurationIsVisible = 0;
			defaultConfigurationName = Release;
		};
		03E46CDC275F4B55008C00FF /* Build configuration list for PBXNativeTarget "Tic Tac Toe vs BenUITests" */ = {
			isa = XCConfigurationList;
			buildConfigurations = (
				03E46CDD275F4B55008C00FF /* Debug */,
				03E46CDE275F4B55008C00FF /* Release */,
			);
			defaultConfigurationIsVisible = 0;
			defaultConfigurationName = Release;
		};
/* End XCConfigurationList section */
	};
	rootObject = 03E46CA4275F4B4D008C00FF /* Project object */;
}
